<?xml version="1.0" encoding="utf-8"?>
<Project ToolsVersion="4.0" xmlns="http://schemas.microsoft.com/developer/msbuild/2003">
  <ItemGroup>
    <Filter Include="Source Files">
      <UniqueIdentifier>{4FC737F1-C7A5-4376-A066-2A32D752A2FF}</UniqueIdentifier>
      <Extensions>cpp;c;cc;cxx;c++;cppm;ixx;def;odl;idl;hpj;bat;asm;asmx</Extensions>
    </Filter>
    <Filter Include="Header Files">
      <UniqueIdentifier>{93995380-89BD-4b04-88EB-625FBE52EBFB}</UniqueIdentifier>
      <Extensions>h;hh;hpp;hxx;h++;hm;inl;inc;ipp;xsd</Extensions>
    </Filter>
    <Filter Include="Resource Files">
      <UniqueIdentifier>{67DA6AB6-F800-4c08-8B7A-83BB121AAD01}</UniqueIdentifier>
      <Extensions>rc;ico;cur;bmp;dlg;rc2;rct;bin;rgs;gif;jpg;jpeg;jpe;resx;tiff;tif;png;wav;mfcribbon-ms</Extensions>
    </Filter>
    <Filter Include="Acquisition">
      <UniqueIdentifier>{6A6F1F9E-3A9E-4A1E-9F1E-8E3A6C1B0A01}</UniqueIdentifier>
    </Filter>
    <Filter Include="Model">
      <UniqueIdentifier>{6A6F1F9E-3A9E-4A1E-9F1E-8E3A6C1B0A02}</UniqueIdentifier>
    </Filter>
    <Filter Include="Rendering">
      <UniqueIdentifier>{6A6F1F9E-3A9E-4A1E-9F1E-8E3A6C1B0A03}</UniqueIdentifier>
    </Filter>
    <Filter Include="UI">
      <UniqueIdentifier>{6A6F1F9E-3A9E-4A1E-9F1E-8E3A6C1B0A04}</UniqueIdentifier>
    </Filter>
    <Filter Include="Platform">
      <UniqueIdentifier>{6A6F1F9E-3A9E-4A1E-9F1E-8E3A6C1B0A05}</UniqueIdentifier>
    </Filter>
    <Filter Include="Shell">
      <UniqueIdentifier>{6A6F1F9E-3A9E-4A1E-9F1E-8E3A6C1B0A06}</UniqueIdentifier>
    </Filter>
    <Filter Include="third_party">
      <UniqueIdentifier>{6A6F1F9E-3A9E-4A1E-9F1E-8E3A6C1B0A07}</UniqueIdentifier>
    </Filter>
    <Filter Include="third_party\imgui">
      <UniqueIdentifier>{6A6F1F9E-3A9E-4A1E-9F1E-8E3A6C1B0A08}</UniqueIdentifier>
    </Filter>
    <Filter Include="third_party\glfw">
      <UniqueIdentifier>{6A6F1F9E-3A9E-4A1E-9F1E-8E3A6C1B0A09}</UniqueIdentifier>
    </Filter>
  </ItemGroup>
  <ItemGroup>
    <ClInclude Include="framework.h">
      <Filter>Header Files</Filter>
    </ClInclude>
    <ClInclude Include="targetver.h">
      <Filter>Header Files</Filter>
    </ClInclude>
    <ClInclude Include="Resource.h">
      <Filter>Header Files</Filter>
    </ClInclude>
    <ClInclude Include="ld500.h">
      <Filter>Header Files</Filter>
    </ClInclude>
    <ClInclude Include="Acquisition\RadarTypes.h">
      <Filter>Acquisition</Filter>
    </ClInclude>
    <ClInclude Include="Acquisition\RadarProtocol.h">
      <Filter>Acquisition</Filter>
    </ClInclude>
    <ClInclude Include="Acquisition\SerialPort.h">
      <Filter>Acquisition</Filter>
    </ClInclude>
    <ClInclude Include="Acquisition\AppWorkers.h">
      <Filter>Acquisition</Filter>
    </ClInclude>
    <ClInclude Include="Acquisition\AppSettings.h">
      <Filter>Acquisition</Filter>
    </ClInclude>
    <ClInclude Include="Model\RadarGridModel.h">
      <Filter>Model</Filter>
    </ClInclude>
    <ClInclude Include="Model\ObjectTracking.h">
      <Filter>Model</Filter>
    </ClInclude>
    <ClInclude Include="Rendering\RadarRenderer.h">
      <Filter>Rendering</Filter>
    </ClInclude>
    <ClInclude Include="Rendering\IHudSurface.h">
      <Filter>Rendering</Filter>
    </ClInclude>
    <ClInclude Include="Rendering\GdiHudSurface.h">
      <Filter>Rendering</Filter>
    </ClInclude>
    <ClInclude Include="UI\Dialogs.h">
      <Filter>UI</Filter>
    </ClInclude>
    <ClInclude Include="UI\MainWindow.h">
      <Filter>UI</Filter>
    </ClInclude>
    <ClInclude Include="Rendering\RadarRendererImGui.h">
      <Filter>Rendering</Filter>
    </ClInclude>
    <ClInclude Include="Rendering\ImGuiHudSurface.h">
      <Filter>Rendering</Filter>
    </ClInclude>
    <ClInclude Include="Platform\ISerialPort.h">
      <Filter>Platform</Filter>
    </ClInclude>
    <ClInclude Include="Platform\Win32SerialPort.h">
      <Filter>Platform</Filter>
    </ClInclude>
    <ClInclude Include="Platform\PosixSerialPort.h">
      <Filter>Platform</Filter>
    </ClInclude>
    <ClInclude Include="Platform\ISettingsStore.h">
      <Filter>Platform</Filter>
    </ClInclude>
    <ClInclude Include="Platform\RegistrySettingsStore.h">
      <Filter>Platform</Filter>
    </ClInclude>
    <ClInclude Include="Platform\FileSettingsStore.h">
      <Filter>Platform</Filter>
    </ClInclude>
    <ClInclude Include="Shell\Win32Shell.h">
      <Filter>Shell</Filter>
    </ClInclude>
    <ClInclude Include="Shell\ImGuiShell.h">
      <Filter>Shell</Filter>
    </ClInclude>
  </ItemGroup>
  <ItemGroup>
    <ClCompile Include="ld500.cpp">
      <Filter>Source Files</Filter>
    </ClCompile>
    <ClCompile Include="Acquisition\RadarProtocol.cpp">
      <Filter>Acquisition</Filter>
    </ClCompile>
    <ClCompile Include="Acquisition\SerialPort.cpp">
      <Filter>Acquisition</Filter>
    </ClCompile>
    <ClCompile Include="Acquisition\AppWorkers.cpp">
      <Filter>Acquisition</Filter>
    </ClCompile>
    <ClCompile Include="Acquisition\AppSettings.cpp">
      <Filter>Acquisition</Filter>
    </ClCompile>
    <ClCompile Include="Model\RadarGridModel.cpp">
      <Filter>Model</Filter>
    </ClCompile>
    <ClCompile Include="Model\ObjectTracking.cpp">
      <Filter>Model</Filter>
    </ClCompile>
    <ClCompile Include="Rendering\RadarRenderer.cpp">
      <Filter>Rendering</Filter>
    </ClCompile>
    <ClCompile Include="Rendering\GdiHudSurface.cpp">
      <Filter>Rendering</Filter>
    </ClCompile>
    <ClCompile Include="UI\Dialogs.cpp">
      <Filter>UI</Filter>
    </ClCompile>
    <ClCompile Include="UI\MainWindow.cpp">
      <Filter>UI</Filter>
    </ClCompile>
    <ClCompile Include="Rendering\RadarRendererImGui.cpp">
      <Filter>Rendering</Filter>
    </ClCompile>
    <ClCompile Include="Rendering\ImGuiHudSurface.cpp">
      <Filter>Rendering</Filter>
    </ClCompile>
    <ClCompile Include="Platform\Win32SerialPort.cpp">
      <Filter>Platform</Filter>
    </ClCompile>
    <ClCompile Include="Platform\PosixSerialPort.cpp">
      <Filter>Platform</Filter>
    </ClCompile>
    <ClCompile Include="Platform\RegistrySettingsStore.cpp">
      <Filter>Platform</Filter>
    </ClCompile>
    <ClCompile Include="Platform\FileSettingsStore.cpp">
      <Filter>Platform</Filter>
    </ClCompile>
    <ClCompile Include="Shell\Win32Shell.cpp">
      <Filter>Shell</Filter>
    </ClCompile>
    <ClCompile Include="Shell\ImGuiShell.cpp">
      <Filter>Shell</Filter>
    </ClCompile>
    <ClCompile Include="..\third_party\imgui\imgui.cpp">
      <Filter>third_party\imgui</Filter>
    </ClCompile>
    <ClCompile Include="..\third_party\imgui\imgui_draw.cpp">
      <Filter>third_party\imgui</Filter>
    </ClCompile>
    <ClCompile Include="..\third_party\imgui\imgui_widgets.cpp">
      <Filter>third_party\imgui</Filter>
    </ClCompile>
    <ClCompile Include="..\third_party\imgui\imgui_tables.cpp">
      <Filter>third_party\imgui</Filter>
    </ClCompile>
    <ClCompile Include="..\third_party\imgui\imgui_demo.cpp">
      <Filter>third_party\imgui</Filter>
    </ClCompile>
    <ClCompile Include="..\third_party\imgui\backends\imgui_impl_glfw.cpp">
      <Filter>third_party\imgui</Filter>
    </ClCompile>
    <ClCompile Include="..\third_party\imgui\backends\imgui_impl_opengl3.cpp">
      <Filter>third_party\imgui</Filter>
    </ClCompile>
    <ClCompile Include="..\third_party\glfw\src\context.c">
      <Filter>third_party\glfw</Filter>
    </ClCompile>
    <ClCompile Include="..\third_party\glfw\src\init.c">
      <Filter>third_party\glfw</Filter>
    </ClCompile>
    <ClCompile Include="..\third_party\glfw\src\input.c">
      <Filter>third_party\glfw</Filter>
    </ClCompile>
    <ClCompile Include="..\third_party\glfw\src\monitor.c">
      <Filter>third_party\glfw</Filter>
    </ClCompile>
    <ClCompile Include="..\third_party\glfw\src\platform.c">
      <Filter>third_party\glfw</Filter>
    </ClCompile>
    <ClCompile Include="..\third_party\glfw\src\vulkan.c">
      <Filter>third_party\glfw</Filter>
    </ClCompile>
    <ClCompile Include="..\third_party\glfw\src\window.c">
      <Filter>third_party\glfw</Filter>
    </ClCompile>
    <ClCompile Include="..\third_party\glfw\src\egl_context.c">
      <Filter>third_party\glfw</Filter>
    </ClCompile>
    <ClCompile Include="..\third_party\glfw\src\osmesa_context.c">
      <Filter>third_party\glfw</Filter>
    </ClCompile>
    <ClCompile Include="..\third_party\glfw\src\null_init.c">
      <Filter>third_party\glfw</Filter>
    </ClCompile>
    <ClCompile Include="..\third_party\glfw\src\null_monitor.c">
      <Filter>third_party\glfw</Filter>
    </ClCompile>
    <ClCompile Include="..\third_party\glfw\src\null_window.c">
      <Filter>third_party\glfw</Filter>
    </ClCompile>
    <ClCompile Include="..\third_party\glfw\src\null_joystick.c">
      <Filter>third_party\glfw</Filter>
    </ClCompile>
    <ClCompile Include="..\third_party\glfw\src\win32_init.c">
      <Filter>third_party\glfw</Filter>
    </ClCompile>
    <ClCompile Include="..\third_party\glfw\src\win32_joystick.c">
      <Filter>third_party\glfw</Filter>
    </ClCompile>
    <ClCompile Include="..\third_party\glfw\src\win32_monitor.c">
      <Filter>third_party\glfw</Filter>
    </ClCompile>
    <ClCompile Include="..\third_party\glfw\src\win32_window.c">
      <Filter>third_party\glfw</Filter>
    </ClCompile>
    <ClCompile Include="..\third_party\glfw\src\win32_module.c">
      <Filter>third_party\glfw</Filter>
    </ClCompile>
    <ClCompile Include="..\third_party\glfw\src\win32_time.c">
      <Filter>third_party\glfw</Filter>
    </ClCompile>
    <ClCompile Include="..\third_party\glfw\src\win32_thread.c">
      <Filter>third_party\glfw</Filter>
    </ClCompile>
    <ClCompile Include="..\third_party\glfw\src\wgl_context.c">
      <Filter>third_party\glfw</Filter>
    </ClCompile>
  </ItemGroup>
  <ItemGroup>
    <ResourceCompile Include="ld500.rc">
      <Filter>Resource Files</Filter>
    </ResourceCompile>
  </ItemGroup>
  <ItemGroup>
    <Image Include="small.ico">
      <Filter>Resource Files</Filter>
    </Image>
    <Image Include="ld500.ico">
      <Filter>Resource Files</Filter>
    </Image>
  </ItemGroup>
</Project>